
Microsoft Visual Studio Solution File, Format Version 12.00
# Visual Studio Version 17
VisualStudioVersion = 17.8.34601.278
MinimumVisualStudioVersion = 10.0.40219.1
Project("{2150E333-8FDC-42A3-9474-1A3956D46DE8}") = "1. Presentation", "1. Presentation", "{A0A4E39C-92B5-4180-AD07-4DC4627D19FA}"
EndProject
Project("{2150E333-8FDC-42A3-9474-1A3956D46DE8}") = "2. Core", "2. Core", "{6D0CA664-84ED-409E-8DB9-45A331C85E77}"
EndProject
Project("{2150E333-8FDC-42A3-9474-1A3956D46DE8}") = "3. Infrastructure", "3. Infrastructure", "{1AFC4C0E-DD09-4543-A6C2-A805444F4587}"
EndProject
Project("{9A19103F-16F7-4668-BE54-9A1E7A4F7556}") = "API", "LydighedAPI\API.csproj", "{56DF0D3A-BDDB-4CCD-82BA-501121975118}"
EndProject
Project("{9A19103F-16F7-4668-BE54-9A1E7A4F7556}") = "Core", "BusinessLogic\Core.csproj", "{2CC3820A-22C9-40D6-A6A7-25D575B853ED}"
EndProject
Project("{9A19103F-16F7-4668-BE54-9A1E7A4F7556}") = "Infrastructure", "DataAccess\Infrastructure.csproj", "{48CCB62B-5DF2-40C0-90ED-59874F42ABE5}"
	ProjectSection(ProjectDependencies) = postProject
		{2CC3820A-22C9-40D6-A6A7-25D575B853ED} = {2CC3820A-22C9-40D6-A6A7-25D575B853ED}
	EndProjectSection
EndProject
Project("{9A19103F-16F7-4668-BE54-9A1E7A4F7556}") = "RallyTests", "RallyTests\RallyTests.csproj", "{02D17F52-AB81-4BA1-B2A3-D8FB5A7FF6F2}"
EndProject
Project("{9A19103F-16F7-4668-BE54-9A1E7A4F7556}") = "RallyTeam5Client", "RallyTeam5Client\RallyTeam5Client.csproj", "{C599BA7A-8906-4F27-A732-C81FEE0656DE}"
EndProject
Global
	GlobalSection(SolutionConfigurationPlatforms) = preSolution
		Debug|Any CPU = Debug|Any CPU
		Release|Any CPU = Release|Any CPU
	EndGlobalSection
	GlobalSection(ProjectConfigurationPlatforms) = postSolution
		{56DF0D3A-BDDB-4CCD-82BA-501121975118}.Debug|Any CPU.ActiveCfg = Debug|Any CPU
		{56DF0D3A-BDDB-4CCD-82BA-501121975118}.Debug|Any CPU.Build.0 = Debug|Any CPU
		{56DF0D3A-BDDB-4CCD-82BA-501121975118}.Release|Any CPU.ActiveCfg = Release|Any CPU
		{56DF0D3A-BDDB-4CCD-82BA-501121975118}.Release|Any CPU.Build.0 = Release|Any CPU
		{2CC3820A-22C9-40D6-A6A7-25D575B853ED}.Debug|Any CPU.ActiveCfg = Debug|Any CPU
		{2CC3820A-22C9-40D6-A6A7-25D575B853ED}.Debug|Any CPU.Build.0 = Debug|Any CPU
		{2CC3820A-22C9-40D6-A6A7-25D575B853ED}.Release|Any CPU.ActiveCfg = Release|Any CPU
		{2CC3820A-22C9-40D6-A6A7-25D575B853ED}.Release|Any CPU.Build.0 = Release|Any CPU
		{48CCB62B-5DF2-40C0-90ED-59874F42ABE5}.Debug|Any CPU.ActiveCfg = Debug|Any CPU
		{48CCB62B-5DF2-40C0-90ED-59874F42ABE5}.Debug|Any CPU.Build.0 = Debug|Any CPU
		{48CCB62B-5DF2-40C0-90ED-59874F42ABE5}.Release|Any CPU.ActiveCfg = Release|Any CPU
		{48CCB62B-5DF2-40C0-90ED-59874F42ABE5}.Release|Any CPU.Build.0 = Release|Any CPU
		{02D17F52-AB81-4BA1-B2A3-D8FB5A7FF6F2}.Debug|Any CPU.ActiveCfg = Debug|Any CPU
		{02D17F52-AB81-4BA1-B2A3-D8FB5A7FF6F2}.Debug|Any CPU.Build.0 = Debug|Any CPU
		{02D17F52-AB81-4BA1-B2A3-D8FB5A7FF6F2}.Release|Any CPU.ActiveCfg = Release|Any CPU
		{02D17F52-AB81-4BA1-B2A3-D8FB5A7FF6F2}.Release|Any CPU.Build.0 = Release|Any CPU
		{C599BA7A-8906-4F27-A732-C81FEE0656DE}.Debug|Any CPU.ActiveCfg = Debug|Any CPU
		{C599BA7A-8906-4F27-A732-C81FEE0656DE}.Debug|Any CPU.Build.0 = Debug|Any CPU
		{C599BA7A-8906-4F27-A732-C81FEE0656DE}.Release|Any CPU.ActiveCfg = Release|Any CPU
		{C599BA7A-8906-4F27-A732-C81FEE0656DE}.Release|Any CPU.Build.0 = Release|Any CPU
	EndGlobalSection
	GlobalSection(SolutionProperties) = preSolution
		HideSolutionNode = FALSE
	EndGlobalSection
	GlobalSection(NestedProjects) = preSolution
		{56DF0D3A-BDDB-4CCD-82BA-501121975118} = {A0A4E39C-92B5-4180-AD07-4DC4627D19FA}
		{2CC3820A-22C9-40D6-A6A7-25D575B853ED} = {6D0CA664-84ED-409E-8DB9-45A331C85E77}
		{48CCB62B-5DF2-40C0-90ED-59874F42ABE5} = {1AFC4C0E-DD09-4543-A6C2-A805444F4587}
		{C599BA7A-8906-4F27-A732-C81FEE0656DE} = {A0A4E39C-92B5-4180-AD07-4DC4627D19FA}
	EndGlobalSection
	GlobalSection(ExtensibilityGlobals) = postSolution
		SolutionGuid = {3E6A6CD9-98C2-41BA-9571-7EC8912611AF}
	EndGlobalSection
EndGlobal
